
Microsoft Visual Studio Solution File, Format Version 12.00
# Visual Studio Version 17
VisualStudioVersion = 17.12.35506.116
MinimumVisualStudioVersion = 10.0.40219.1
Project("{FAE04EC0-301F-11D3-BF4B-00C04F79EFBC}") = "01. Peak Element", "01. Peak Element\01. Peak Element.csproj", "{8307A32F-E87D-46E4-A7BB-C5761A5B9C7B}"
EndProject
Project("{FAE04EC0-301F-11D3-BF4B-00C04F79EFBC}") = "02. Champions Cup", "02. Champions Cup\02. Champions Cup.csproj", "{9749794B-F365-4BD9-9468-F0C1E4F8F56E}"
EndProject
Project("{FAE04EC0-301F-11D3-BF4B-00C04F79EFBC}") = "03. Largest Numbers", "03. Largest Numbers\03. Largest Numbers.csproj", "{5C9401E0-CD5F-45D8-A8E6-99C90AB300F9}"
EndProject
Project("{FAE04EC0-301F-11D3-BF4B-00C04F79EFBC}") = "04. Chess", "04. Chess\04. Chess.csproj", "{37A2558C-39D0-401D-8E96-E5695BF4B813}"
EndProject
Project("{FAE04EC0-301F-11D3-BF4B-00C04F79EFBC}") = "05. Arithmetic Progression", "05. Arithmetic Progression\05. Arithmetic Progression.csproj", "{3F208FB6-EF0E-4716-9B14-6D4C1C44B392}"
EndProject
Project("{FAE04EC0-301F-11D3-BF4B-00C04F79EFBC}") = "06. Palindromic Number", "06. Palindromic Number\06. Palindromic Number.csproj", "{6A21E857-FB30-47D4-925E-0741E086CFFE}"
EndProject
Global
	GlobalSection(SolutionConfigurationPlatforms) = preSolution
		Debug|Any CPU = Debug|Any CPU
		Release|Any CPU = Release|Any CPU
	EndGlobalSection
	GlobalSection(ProjectConfigurationPlatforms) = postSolution
		{8307A32F-E87D-46E4-A7BB-C5761A5B9C7B}.Debug|Any CPU.ActiveCfg = Debug|Any CPU
		{8307A32F-E87D-46E4-A7BB-C5761A5B9C7B}.Debug|Any CPU.Build.0 = Debug|Any CPU
		{8307A32F-E87D-46E4-A7BB-C5761A5B9C7B}.Release|Any CPU.ActiveCfg = Release|Any CPU
		{8307A32F-E87D-46E4-A7BB-C5761A5B9C7B}.Release|Any CPU.Build.0 = Release|Any CPU
		{9749794B-F365-4BD9-9468-F0C1E4F8F56E}.Debug|Any CPU.ActiveCfg = Debug|Any CPU
		{9749794B-F365-4BD9-9468-F0C1E4F8F56E}.Debug|Any CPU.Build.0 = Debug|Any CPU
		{9749794B-F365-4BD9-9468-F0C1E4F8F56E}.Release|Any CPU.ActiveCfg = Release|Any CPU
		{9749794B-F365-4BD9-9468-F0C1E4F8F56E}.Release|Any CPU.Build.0 = Release|Any CPU
		{5C9401E0-CD5F-45D8-A8E6-99C90AB300F9}.Debug|Any CPU.ActiveCfg = Debug|Any CPU
		{5C9401E0-CD5F-45D8-A8E6-99C90AB300F9}.Debug|Any CPU.Build.0 = Debug|Any CPU
		{5C9401E0-CD5F-45D8-A8E6-99C90AB300F9}.Release|Any CPU.ActiveCfg = Release|Any CPU
		{5C9401E0-CD5F-45D8-A8E6-99C90AB300F9}.Release|Any CPU.Build.0 = Release|Any CPU
		{37A2558C-39D0-401D-8E96-E5695BF4B813}.Debug|Any CPU.ActiveCfg = Debug|Any CPU
		{37A2558C-39D0-401D-8E96-E5695BF4B813}.Debug|Any CPU.Build.0 = Debug|Any CPU
		{37A2558C-39D0-401D-8E96-E5695BF4B813}.Release|Any CPU.ActiveCfg = Release|Any CPU
		{37A2558C-39D0-401D-8E96-E5695BF4B813}.Release|Any CPU.Build.0 = Release|Any CPU
		{3F208FB6-EF0E-4716-9B14-6D4C1C44B392}.Debug|Any CPU.ActiveCfg = Debug|Any CPU
		{3F208FB6-EF0E-4716-9B14-6D4C1C44B392}.Debug|Any CPU.Build.0 = Debug|Any CPU
		{3F208FB6-EF0E-4716-9B14-6D4C1C44B392}.Release|Any CPU.ActiveCfg = Release|Any CPU
		{3F208FB6-EF0E-4716-9B14-6D4C1C44B392}.Release|Any CPU.Build.0 = Release|Any CPU
		{6A21E857-FB30-47D4-925E-0741E086CFFE}.Debug|Any CPU.ActiveCfg = Debug|Any CPU
		{6A21E857-FB30-47D4-925E-0741E086CFFE}.Debug|Any CPU.Build.0 = Debug|Any CPU
		{6A21E857-FB30-47D4-925E-0741E086CFFE}.Release|Any CPU.ActiveCfg = Release|Any CPU
		{6A21E857-FB30-47D4-925E-0741E086CFFE}.Release|Any CPU.Build.0 = Release|Any CPU
	EndGlobalSection
	GlobalSection(SolutionProperties) = preSolution
		HideSolutionNode = FALSE
	EndGlobalSection
EndGlobal
